schema: '2.0'
stages:
  data_ingestion:
    cmd: python src/pipeline/stage_01_data_ingestion.py
    deps:
    - path: config/config.yaml
      hash: md5
      md5: ca743784dfc25b554ad8daa435912770
      size: 770
    - path: src/pipeline/stage_01_data_ingestion.py
      hash: md5
      md5: 2df02c764186de7f5becdc577b9e59fb
      size: 2055
    outs:
    - path: data/raw/kidney-ct-scan-image
      hash: md5
      md5: 33ed59dbe5dec8ce2bb8e489b55203e4.dir
      size: 58936381
      nfiles: 465
  prepare_base_model:
    cmd: python src/pipeline/stage_02_prepare_base_model.py
    deps:
    - path: config/config.yaml
      hash: md5
      md5: ca743784dfc25b554ad8daa435912770
      size: 770
    - path: src/pipeline/stage_02_prepare_base_model.py
      hash: md5
      md5: 4b68da40d3d247fd38ab3b540a5a036a
      size: 2376
    params:
      params.yaml:
        CLASSES: 2
        FREEZE_ALL: false
        FREEZE_TILL: 2
        IMAGE_SIZE:
        - 224
        - 224
        - 3
        INCLUDE_TOP: false
        LEARNING_RATE: 0.01
        WEIGHTS: imagenet
    outs:
    - path: models/prepare_base_model
      hash: md5
      md5: db19f26434a6f85df5145332b24cc75b.dir
      size: 121088824
      nfiles: 2
  model_training:
    cmd: python src/pipeline/stage_03_model_training.py
    deps:
    - path: config/config.yaml
      hash: md5
      md5: ca743784dfc25b554ad8daa435912770
      size: 770
    - path: data/raw/kidney-ct-scan-image
      hash: md5
      md5: 33ed59dbe5dec8ce2bb8e489b55203e4.dir
      size: 58936381
      nfiles: 465
    - path: src/pipeline/stage_03_model_training.py
      hash: md5
      md5: a9a384760d626bd8b734395a8f64a47f
      size: 2580
    params:
      params.yaml:
        AUGMENTATION: false
        BATCH_SIZE: 16
        CLASSES: 2
        EPOCHS: 20
        FREEZE_ALL: false
        FREEZE_TILL: 2
        IMAGE_SIZE:
        - 224
        - 224
        - 3
        INCLUDE_TOP: false
        LEARNING_RATE: 0.01
        WEIGHTS: imagenet
    outs:
    - path: models/training
      hash: md5
      md5: 7da106bb35baee81dfa9ff949b41c95d.dir
      size: 124327242
      nfiles: 3
  model_evaluation:
    cmd: python src/pipeline/stage_04_model_evaluation.py
    deps:
    - path: config/config.yaml
      hash: md5
      md5: ca743784dfc25b554ad8daa435912770
      size: 770
    - path: data/raw/kidney-ct-scan-image
      hash: md5
      md5: 33ed59dbe5dec8ce2bb8e489b55203e4.dir
      size: 58936381
      nfiles: 465
    - path: models/training/best_model.h5
      hash: md5
      md5: 366faa81d00694ff9882c0448ecca024
      size: 62162760
    - path: src/pipeline/stage_04_model_evaluation.py
      hash: md5
      md5: f876aed5cdf1257b8ca06ad5a4f1f318
      size: 1839
    params:
      params.yaml:
        BATCH_SIZE: 16
        CLASSES: 2
        FREEZE_ALL: false
        FREEZE_TILL: 2
        IMAGE_SIZE:
        - 224
        - 224
        - 3
        INCLUDE_TOP: false
        LEARNING_RATE: 0.01
        WEIGHTS: imagenet
    outs:
    - path: scores.json
      hash: md5
      md5: 688f1f58fb67e65a559501c531074fa3
      size: 59
